
Microsoft Visual Studio Solution File, Format Version 12.00
# Visual Studio Version 16
VisualStudioVersion = 16.0.30114.105
MinimumVisualStudioVersion = 10.0.40219.1
Project("{8BC9CEB8-8B4A-11D0-8D11-00A0C91BC942}") = "learningEAF", "learningEAF\learningEAF.vcxproj", "{F6D5D56C-F893-494D-A31B-C576C170960B}"
EndProject
Global
	GlobalSection(SolutionConfigurationPlatforms) = preSolution
		Debug|x64 = Debug|x64
		Debug|x86 = Debug|x86
		Release|x64 = Release|x64
		Release|x86 = Release|x86
	EndGlobalSection
	GlobalSection(ProjectConfigurationPlatforms) = postSolution
		{F6D5D56C-F893-494D-A31B-C576C170960B}.Debug|x64.ActiveCfg = Debug|x64
		{F6D5D56C-F893-494D-A31B-C576C170960B}.Debug|x64.Build.0 = Debug|x64
		{F6D5D56C-F893-494D-A31B-C576C170960B}.Debug|x86.ActiveCfg = Debug|Win32
		{F6D5D56C-F893-494D-A31B-C576C170960B}.Debug|x86.Build.0 = Debug|Win32
		{F6D5D56C-F893-494D-A31B-C576C170960B}.Release|x64.ActiveCfg = Release|x64
		{F6D5D56C-F893-494D-A31B-C576C170960B}.Release|x64.Build.0 = Release|x64
		{F6D5D56C-F893-494D-A31B-C576C170960B}.Release|x86.ActiveCfg = Release|Win32
		{F6D5D56C-F893-494D-A31B-C576C170960B}.Release|x86.Build.0 = Release|Win32
	EndGlobalSection
	GlobalSection(SolutionProperties) = preSolution
		HideSolutionNode = FALSE
	EndGlobalSection
	GlobalSection(ExtensibilityGlobals) = postSolution
		SolutionGuid = {D105C377-A7D9-4B91-A396-B3A943056663}
	EndGlobalSection
EndGlobal
